# This file is automatically @generated by Cargo.
# It is not intended for manual editing.
version = 4

[[package]]
name = "ghfs"
version = "0.1.0"
dependencies = [
 "ghfs-cache",
 "ghfs-fs",
 "ghfs-types",
]

[[package]]
name = "ghfs-cache"
version = "0.1.0"
dependencies = [
 "ghfs-types",
]

[[package]]
name = "ghfs-fs"
version = "0.1.0"
dependencies = [
 "ghfs-cache",
 "ghfs-types",
]

[[package]]
name = "ghfs-types"
version = "0.1.0"
